
Microsoft Visual Studio Solution File, Format Version 12.00
# Visual Studio Version 17
VisualStudioVersion = 17.10.35122.118
MinimumVisualStudioVersion = 10.0.40219.1
Project("{00D1A9C2-B5F0-4AF3-8072-F6C62B433612}") = "NutriguiaBD", "src\database\NutriguiaBD\NutriguiaBD.sqlproj", "{FA3E3BD9-D906-4E7B-8D02-2E090F1808E9}"
EndProject
Project("{9A19103F-16F7-4668-BE54-9A1E7A4F7556}") = "UiNutriguia", "src\library\UiNutriguia\UiNutriguia.csproj", "{1E5D1FF6-0FE7-4F89-AE31-D02C419678DA}"
EndProject
Project("{9A19103F-16F7-4668-BE54-9A1E7A4F7556}") = "Nutriguia.ViewModel", "src\library\Nutriguia.ViewModel\Nutriguia.ViewModel.csproj", "{C2ADE14E-FB92-4402-AC64-745AE882B048}"
EndProject
Project("{9A19103F-16F7-4668-BE54-9A1E7A4F7556}") = "Nutriguia.Model", "src\library\Nutriguia.Model\Nutriguia.Model.csproj", "{92EE7233-AF7A-4A24-9FA2-D34330BA1995}"
EndProject
Global
	GlobalSection(SolutionConfigurationPlatforms) = preSolution
		Debug|Any CPU = Debug|Any CPU
		Release|Any CPU = Release|Any CPU
	EndGlobalSection
	GlobalSection(ProjectConfigurationPlatforms) = postSolution
		{FA3E3BD9-D906-4E7B-8D02-2E090F1808E9}.Debug|Any CPU.ActiveCfg = Debug|Any CPU
		{FA3E3BD9-D906-4E7B-8D02-2E090F1808E9}.Debug|Any CPU.Build.0 = Debug|Any CPU
		{FA3E3BD9-D906-4E7B-8D02-2E090F1808E9}.Debug|Any CPU.Deploy.0 = Debug|Any CPU
		{FA3E3BD9-D906-4E7B-8D02-2E090F1808E9}.Release|Any CPU.ActiveCfg = Release|Any CPU
		{FA3E3BD9-D906-4E7B-8D02-2E090F1808E9}.Release|Any CPU.Build.0 = Release|Any CPU
		{FA3E3BD9-D906-4E7B-8D02-2E090F1808E9}.Release|Any CPU.Deploy.0 = Release|Any CPU
		{1E5D1FF6-0FE7-4F89-AE31-D02C419678DA}.Debug|Any CPU.ActiveCfg = Debug|Any CPU
		{1E5D1FF6-0FE7-4F89-AE31-D02C419678DA}.Debug|Any CPU.Build.0 = Debug|Any CPU
		{1E5D1FF6-0FE7-4F89-AE31-D02C419678DA}.Release|Any CPU.ActiveCfg = Release|Any CPU
		{1E5D1FF6-0FE7-4F89-AE31-D02C419678DA}.Release|Any CPU.Build.0 = Release|Any CPU
		{C2ADE14E-FB92-4402-AC64-745AE882B048}.Debug|Any CPU.ActiveCfg = Debug|Any CPU
		{C2ADE14E-FB92-4402-AC64-745AE882B048}.Debug|Any CPU.Build.0 = Debug|Any CPU
		{C2ADE14E-FB92-4402-AC64-745AE882B048}.Release|Any CPU.ActiveCfg = Release|Any CPU
		{C2ADE14E-FB92-4402-AC64-745AE882B048}.Release|Any CPU.Build.0 = Release|Any CPU
		{92EE7233-AF7A-4A24-9FA2-D34330BA1995}.Debug|Any CPU.ActiveCfg = Debug|Any CPU
		{92EE7233-AF7A-4A24-9FA2-D34330BA1995}.Debug|Any CPU.Build.0 = Debug|Any CPU
		{92EE7233-AF7A-4A24-9FA2-D34330BA1995}.Release|Any CPU.ActiveCfg = Release|Any CPU
		{92EE7233-AF7A-4A24-9FA2-D34330BA1995}.Release|Any CPU.Build.0 = Release|Any CPU
	EndGlobalSection
	GlobalSection(SolutionProperties) = preSolution
		HideSolutionNode = FALSE
	EndGlobalSection
	GlobalSection(ExtensibilityGlobals) = postSolution
		SolutionGuid = {EF1293DA-A41D-4B57-B8DF-65A6DE351642}
	EndGlobalSection
EndGlobal
